{
  "name": "reason-goap",
  "version": "0.1.0",
  "lockfileVersion": 1,
  "requires": true,
  "dependencies": {
    "@glennsl/bs-json": {
      "version": "1.2.0",
      "resolved": "https://registry.npmjs.org/@glennsl/bs-json/-/bs-json-1.2.0.tgz",
      "integrity": "sha512-Jhlprgb63yDwhERSubK0I+fmFgpK2bMGyJrllH3JdjB+eyNoGImXpdaOCsbtFX637MVu/Pvk+URMhuGB8rzujQ=="
    },
    "bs-platform": {
      "version": "2.2.1",
      "dev": true
    }
  }
}
